{
  "contract_version": "tool-lock-v1",
  "selected": {
    "media.inspect": "rust.local.ffmpeg",
    "media.validate": "rust.local.ffmpeg",
    "media.convert": "rust.local.ffmpeg",
    "media.extract_audio": "rust.local.ffmpeg",
    "media.normalize_loudness": "rust.local.ffmpeg",
    "media.mux": "rust.local.ffmpeg",
    "audio.mastering_analyze": "rust.local.ffmpeg",
    "audio.mastering_produce": "rust.local.mastering",
    "audio.reference_master": "edge.python.matchering",
    "audio.reaper_render": "rust.local.reaper",
    "runtime.self_test": "rust.local.core",
    "transport.relay_connect": "rust.local.relay"
  }
}
